
Microsoft Visual Studio Solution File, Format Version 12.00
# Visual Studio Version 17
VisualStudioVersion = 17.6.33829.357
MinimumVisualStudioVersion = 10.0.40219.1
Project("{FAE04EC0-301F-11D3-BF4B-00C04F79EFBC}") = "ConsoleAppOrdineCrescente", "ConsoleAppOrdineCrescente\ConsoleAppOrdineCrescente.csproj", "{49A9D613-2552-472B-AF42-C2CE97AFFDCB}"
EndProject
Global
	GlobalSection(SolutionConfigurationPlatforms) = preSolution
		Debug|Any CPU = Debug|Any CPU
		Release|Any CPU = Release|Any CPU
	EndGlobalSection
	GlobalSection(ProjectConfigurationPlatforms) = postSolution
		{49A9D613-2552-472B-AF42-C2CE97AFFDCB}.Debug|Any CPU.ActiveCfg = Debug|Any CPU
		{49A9D613-2552-472B-AF42-C2CE97AFFDCB}.Debug|Any CPU.Build.0 = Debug|Any CPU
		{49A9D613-2552-472B-AF42-C2CE97AFFDCB}.Release|Any CPU.ActiveCfg = Release|Any CPU
		{49A9D613-2552-472B-AF42-C2CE97AFFDCB}.Release|Any CPU.Build.0 = Release|Any CPU
	EndGlobalSection
	GlobalSection(SolutionProperties) = preSolution
		HideSolutionNode = FALSE
	EndGlobalSection
	GlobalSection(ExtensibilityGlobals) = postSolution
		SolutionGuid = {6E5D32E0-E522-41F3-890F-A0E34B9E7FB8}
	EndGlobalSection
EndGlobal
