
Microsoft Visual Studio Solution File, Format Version 12.00
# Visual Studio Version 17
VisualStudioVersion = 17.6.33829.357
MinimumVisualStudioVersion = 10.0.40219.1
Project("{FAE04EC0-301F-11D3-BF4B-00C04F79EFBC}") = "Mastermind", "Mastermind\Mastermind.csproj", "{BED51D59-A641-4A7A-9504-EDB14D819DA9}"
EndProject
Global
	GlobalSection(SolutionConfigurationPlatforms) = preSolution
		Debug|Any CPU = Debug|Any CPU
		Release|Any CPU = Release|Any CPU
	EndGlobalSection
	GlobalSection(ProjectConfigurationPlatforms) = postSolution
		{BED51D59-A641-4A7A-9504-EDB14D819DA9}.Debug|Any CPU.ActiveCfg = Debug|Any CPU
		{BED51D59-A641-4A7A-9504-EDB14D819DA9}.Debug|Any CPU.Build.0 = Debug|Any CPU
		{BED51D59-A641-4A7A-9504-EDB14D819DA9}.Release|Any CPU.ActiveCfg = Release|Any CPU
		{BED51D59-A641-4A7A-9504-EDB14D819DA9}.Release|Any CPU.Build.0 = Release|Any CPU
	EndGlobalSection
	GlobalSection(SolutionProperties) = preSolution
		HideSolutionNode = FALSE
	EndGlobalSection
	GlobalSection(ExtensibilityGlobals) = postSolution
		SolutionGuid = {0DD70FF9-35FB-46FA-9094-5A67CB66C5FD}
	EndGlobalSection
EndGlobal
