
Microsoft Visual Studio Solution File, Format Version 12.00
# Visual Studio Version 17
VisualStudioVersion = 17.6.33829.357
MinimumVisualStudioVersion = 10.0.40219.1
Project("{FAE04EC0-301F-11D3-BF4B-00C04F79EFBC}") = "ProgettoTryParse", "ProgettoTryParse\ProgettoTryParse.csproj", "{67810946-859F-4206-848D-2E95DC116F18}"
EndProject
Global
	GlobalSection(SolutionConfigurationPlatforms) = preSolution
		Debug|Any CPU = Debug|Any CPU
		Release|Any CPU = Release|Any CPU
	EndGlobalSection
	GlobalSection(ProjectConfigurationPlatforms) = postSolution
		{67810946-859F-4206-848D-2E95DC116F18}.Debug|Any CPU.ActiveCfg = Debug|Any CPU
		{67810946-859F-4206-848D-2E95DC116F18}.Debug|Any CPU.Build.0 = Debug|Any CPU
		{67810946-859F-4206-848D-2E95DC116F18}.Release|Any CPU.ActiveCfg = Release|Any CPU
		{67810946-859F-4206-848D-2E95DC116F18}.Release|Any CPU.Build.0 = Release|Any CPU
	EndGlobalSection
	GlobalSection(SolutionProperties) = preSolution
		HideSolutionNode = FALSE
	EndGlobalSection
	GlobalSection(ExtensibilityGlobals) = postSolution
		SolutionGuid = {63079667-05C5-4C63-A499-52DCE4958D3B}
	EndGlobalSection
EndGlobal
