
Microsoft Visual Studio Solution File, Format Version 12.00
# Visual Studio Version 17
VisualStudioVersion = 17.7.34221.43
MinimumVisualStudioVersion = 10.0.40219.1
Project("{FAE04EC0-301F-11D3-BF4B-00C04F79EFBC}") = "Versione1", "Versione1\Versione1.csproj", "{D73DA4E4-A547-4226-A2A4-B6024F620C78}"
EndProject
Project("{FAE04EC0-301F-11D3-BF4B-00C04F79EFBC}") = "Versione2", "Versione2\Versione2.csproj", "{915AA1A9-15A0-47BA-B169-B18B840196FB}"
EndProject
Global
	GlobalSection(SolutionConfigurationPlatforms) = preSolution
		Debug|Any CPU = Debug|Any CPU
		Release|Any CPU = Release|Any CPU
	EndGlobalSection
	GlobalSection(ProjectConfigurationPlatforms) = postSolution
		{D73DA4E4-A547-4226-A2A4-B6024F620C78}.Debug|Any CPU.ActiveCfg = Debug|Any CPU
		{D73DA4E4-A547-4226-A2A4-B6024F620C78}.Debug|Any CPU.Build.0 = Debug|Any CPU
		{D73DA4E4-A547-4226-A2A4-B6024F620C78}.Release|Any CPU.ActiveCfg = Release|Any CPU
		{D73DA4E4-A547-4226-A2A4-B6024F620C78}.Release|Any CPU.Build.0 = Release|Any CPU
		{915AA1A9-15A0-47BA-B169-B18B840196FB}.Debug|Any CPU.ActiveCfg = Debug|Any CPU
		{915AA1A9-15A0-47BA-B169-B18B840196FB}.Debug|Any CPU.Build.0 = Debug|Any CPU
		{915AA1A9-15A0-47BA-B169-B18B840196FB}.Release|Any CPU.ActiveCfg = Release|Any CPU
		{915AA1A9-15A0-47BA-B169-B18B840196FB}.Release|Any CPU.Build.0 = Release|Any CPU
	EndGlobalSection
	GlobalSection(SolutionProperties) = preSolution
		HideSolutionNode = FALSE
	EndGlobalSection
	GlobalSection(ExtensibilityGlobals) = postSolution
		SolutionGuid = {DEF706F6-AFE0-454F-9F18-A568565785C2}
	EndGlobalSection
EndGlobal
