
Microsoft Visual Studio Solution File, Format Version 12.00
# Visual Studio Version 17
VisualStudioVersion = 17.6.33829.357
MinimumVisualStudioVersion = 10.0.40219.1
Project("{FAE04EC0-301F-11D3-BF4B-00C04F79EFBC}") = "ContoAllaRovescia", "ContoAllaRovescia\ContoAllaRovescia.csproj", "{28A8884F-1866-45BD-8DEA-D9CF68570875}"
EndProject
Project("{FAE04EC0-301F-11D3-BF4B-00C04F79EFBC}") = "StampaDiNumeri", "StampaDiNumeri\StampaDiNumeri.csproj", "{97674618-A53D-4AA9-A738-7E16411D73A7}"
EndProject
Project("{FAE04EC0-301F-11D3-BF4B-00C04F79EFBC}") = "PianofortePC", "PianofortePC\PianofortePC.csproj", "{F7172B53-8FA2-4156-A931-4DDA75F0EC60}"
EndProject
Global
	GlobalSection(SolutionConfigurationPlatforms) = preSolution
		Debug|Any CPU = Debug|Any CPU
		Release|Any CPU = Release|Any CPU
	EndGlobalSection
	GlobalSection(ProjectConfigurationPlatforms) = postSolution
		{28A8884F-1866-45BD-8DEA-D9CF68570875}.Debug|Any CPU.ActiveCfg = Debug|Any CPU
		{28A8884F-1866-45BD-8DEA-D9CF68570875}.Debug|Any CPU.Build.0 = Debug|Any CPU
		{28A8884F-1866-45BD-8DEA-D9CF68570875}.Release|Any CPU.ActiveCfg = Release|Any CPU
		{28A8884F-1866-45BD-8DEA-D9CF68570875}.Release|Any CPU.Build.0 = Release|Any CPU
		{97674618-A53D-4AA9-A738-7E16411D73A7}.Debug|Any CPU.ActiveCfg = Debug|Any CPU
		{97674618-A53D-4AA9-A738-7E16411D73A7}.Debug|Any CPU.Build.0 = Debug|Any CPU
		{97674618-A53D-4AA9-A738-7E16411D73A7}.Release|Any CPU.ActiveCfg = Release|Any CPU
		{97674618-A53D-4AA9-A738-7E16411D73A7}.Release|Any CPU.Build.0 = Release|Any CPU
		{F7172B53-8FA2-4156-A931-4DDA75F0EC60}.Debug|Any CPU.ActiveCfg = Debug|Any CPU
		{F7172B53-8FA2-4156-A931-4DDA75F0EC60}.Debug|Any CPU.Build.0 = Debug|Any CPU
		{F7172B53-8FA2-4156-A931-4DDA75F0EC60}.Release|Any CPU.ActiveCfg = Release|Any CPU
		{F7172B53-8FA2-4156-A931-4DDA75F0EC60}.Release|Any CPU.Build.0 = Release|Any CPU
	EndGlobalSection
	GlobalSection(SolutionProperties) = preSolution
		HideSolutionNode = FALSE
	EndGlobalSection
	GlobalSection(ExtensibilityGlobals) = postSolution
		SolutionGuid = {9328F9FE-0BED-458A-A73E-4EDFC924FEE8}
	EndGlobalSection
EndGlobal
