
Microsoft Visual Studio Solution File, Format Version 12.00
# Visual Studio Version 17
VisualStudioVersion = 17.6.33829.357
MinimumVisualStudioVersion = 10.0.40219.1
Project("{FAE04EC0-301F-11D3-BF4B-00C04F79EFBC}") = "EsercizioCruciverba", "EsercizioCruciverba\EsercizioCruciverba.csproj", "{C05321C6-8929-4BC7-B5BA-A829542C3335}"
EndProject
Project("{FAE04EC0-301F-11D3-BF4B-00C04F79EFBC}") = "CruciverbaWPF", "CruciverbaWPF\CruciverbaWPF.csproj", "{85BD581B-B551-4404-BFEA-C35C90DB40E6}"
EndProject
Global
	GlobalSection(SolutionConfigurationPlatforms) = preSolution
		Debug|Any CPU = Debug|Any CPU
		Release|Any CPU = Release|Any CPU
	EndGlobalSection
	GlobalSection(ProjectConfigurationPlatforms) = postSolution
		{C05321C6-8929-4BC7-B5BA-A829542C3335}.Debug|Any CPU.ActiveCfg = Debug|Any CPU
		{C05321C6-8929-4BC7-B5BA-A829542C3335}.Debug|Any CPU.Build.0 = Debug|Any CPU
		{C05321C6-8929-4BC7-B5BA-A829542C3335}.Release|Any CPU.ActiveCfg = Release|Any CPU
		{C05321C6-8929-4BC7-B5BA-A829542C3335}.Release|Any CPU.Build.0 = Release|Any CPU
		{85BD581B-B551-4404-BFEA-C35C90DB40E6}.Debug|Any CPU.ActiveCfg = Debug|Any CPU
		{85BD581B-B551-4404-BFEA-C35C90DB40E6}.Debug|Any CPU.Build.0 = Debug|Any CPU
		{85BD581B-B551-4404-BFEA-C35C90DB40E6}.Release|Any CPU.ActiveCfg = Release|Any CPU
		{85BD581B-B551-4404-BFEA-C35C90DB40E6}.Release|Any CPU.Build.0 = Release|Any CPU
	EndGlobalSection
	GlobalSection(SolutionProperties) = preSolution
		HideSolutionNode = FALSE
	EndGlobalSection
	GlobalSection(ExtensibilityGlobals) = postSolution
		SolutionGuid = {DC6D4C2C-C8DF-42FF-9A8D-CB2F2A9D9256}
	EndGlobalSection
EndGlobal
