
Microsoft Visual Studio Solution File, Format Version 12.00
# Visual Studio Version 17
VisualStudioVersion = 17.6.33829.357
MinimumVisualStudioVersion = 10.0.40219.1
Project("{FAE04EC0-301F-11D3-BF4B-00C04F79EFBC}") = "CifreLettereWPF", "CifreLettereWPF\CifreLettereWPF.csproj", "{DD333B12-3E27-4B20-8F95-4DD832735093}"
EndProject
Global
	GlobalSection(SolutionConfigurationPlatforms) = preSolution
		Debug|Any CPU = Debug|Any CPU
		Release|Any CPU = Release|Any CPU
	EndGlobalSection
	GlobalSection(ProjectConfigurationPlatforms) = postSolution
		{DD333B12-3E27-4B20-8F95-4DD832735093}.Debug|Any CPU.ActiveCfg = Debug|Any CPU
		{DD333B12-3E27-4B20-8F95-4DD832735093}.Debug|Any CPU.Build.0 = Debug|Any CPU
		{DD333B12-3E27-4B20-8F95-4DD832735093}.Release|Any CPU.ActiveCfg = Release|Any CPU
		{DD333B12-3E27-4B20-8F95-4DD832735093}.Release|Any CPU.Build.0 = Release|Any CPU
	EndGlobalSection
	GlobalSection(SolutionProperties) = preSolution
		HideSolutionNode = FALSE
	EndGlobalSection
	GlobalSection(ExtensibilityGlobals) = postSolution
		SolutionGuid = {5957B1B9-861E-4D8B-A420-21B43133B49C}
	EndGlobalSection
EndGlobal
