
Microsoft Visual Studio Solution File, Format Version 12.00
# Visual Studio Version 17
VisualStudioVersion = 17.7.34031.279
MinimumVisualStudioVersion = 10.0.40219.1
Project("{FAE04EC0-301F-11D3-BF4B-00C04F79EFBC}") = "ConsoleApp Alea Iacta Est", "ConsoleApp Alea Iacta Est\ConsoleApp Alea Iacta Est.csproj", "{881D1920-AEF3-4F7B-A54A-E8052CB43F3B}"
EndProject
Global
	GlobalSection(SolutionConfigurationPlatforms) = preSolution
		Debug|Any CPU = Debug|Any CPU
		Release|Any CPU = Release|Any CPU
	EndGlobalSection
	GlobalSection(ProjectConfigurationPlatforms) = postSolution
		{881D1920-AEF3-4F7B-A54A-E8052CB43F3B}.Debug|Any CPU.ActiveCfg = Debug|Any CPU
		{881D1920-AEF3-4F7B-A54A-E8052CB43F3B}.Debug|Any CPU.Build.0 = Debug|Any CPU
		{881D1920-AEF3-4F7B-A54A-E8052CB43F3B}.Release|Any CPU.ActiveCfg = Release|Any CPU
		{881D1920-AEF3-4F7B-A54A-E8052CB43F3B}.Release|Any CPU.Build.0 = Release|Any CPU
	EndGlobalSection
	GlobalSection(SolutionProperties) = preSolution
		HideSolutionNode = FALSE
	EndGlobalSection
	GlobalSection(ExtensibilityGlobals) = postSolution
		SolutionGuid = {C764CD38-1682-4EC7-9F67-051B3468F746}
	EndGlobalSection
EndGlobal
