
Microsoft Visual Studio Solution File, Format Version 12.00
# Visual Studio Version 17
VisualStudioVersion = 17.6.33829.357
MinimumVisualStudioVersion = 10.0.40219.1
Project("{FAE04EC0-301F-11D3-BF4B-00C04F79EFBC}") = "ConsoleAppAverage", "ConsoleAppAverage\ConsoleAppAverage.csproj", "{67D40C9F-BD10-4C1D-8AE2-1C12CF9AD513}"
EndProject
Global
	GlobalSection(SolutionConfigurationPlatforms) = preSolution
		Debug|Any CPU = Debug|Any CPU
		Release|Any CPU = Release|Any CPU
	EndGlobalSection
	GlobalSection(ProjectConfigurationPlatforms) = postSolution
		{67D40C9F-BD10-4C1D-8AE2-1C12CF9AD513}.Debug|Any CPU.ActiveCfg = Debug|Any CPU
		{67D40C9F-BD10-4C1D-8AE2-1C12CF9AD513}.Debug|Any CPU.Build.0 = Debug|Any CPU
		{67D40C9F-BD10-4C1D-8AE2-1C12CF9AD513}.Release|Any CPU.ActiveCfg = Release|Any CPU
		{67D40C9F-BD10-4C1D-8AE2-1C12CF9AD513}.Release|Any CPU.Build.0 = Release|Any CPU
	EndGlobalSection
	GlobalSection(SolutionProperties) = preSolution
		HideSolutionNode = FALSE
	EndGlobalSection
	GlobalSection(ExtensibilityGlobals) = postSolution
		SolutionGuid = {0619177C-C05F-4584-A8D2-C9DFA36C2795}
	EndGlobalSection
EndGlobal
